
Microsoft Visual Studio Solution File, Format Version 12.00
# Visual Studio 14
VisualStudioVersion = 14.0.25123.0
MinimumVisualStudioVersion = 10.0.40219.1
Project("{F2A71F9B-5D33-465A-A702-920D77279786}") = "ZeoFive.Core", "ZeoFive.Core\ZeoFive.Core.fsproj", "{ABFF00BA-7437-4C73-AE61-7C32D41C014B}"
EndProject
Project("{F2A71F9B-5D33-465A-A702-920D77279786}") = "ZeoFive.Cui", "ZeoFive.Cui\ZeoFive.Cui.fsproj", "{6E441276-9478-4FE0-A856-026839E772B0}"
	ProjectSection(ProjectDependencies) = postProject
		{ABFF00BA-7437-4C73-AE61-7C32D41C014B} = {ABFF00BA-7437-4C73-AE61-7C32D41C014B}
	EndProjectSection
EndProject
Global
	GlobalSection(SolutionConfigurationPlatforms) = preSolution
		Debug|Any CPU = Debug|Any CPU
		Release|Any CPU = Release|Any CPU
	EndGlobalSection
	GlobalSection(ProjectConfigurationPlatforms) = postSolution
		{ABFF00BA-7437-4C73-AE61-7C32D41C014B}.Debug|Any CPU.ActiveCfg = Debug|Any CPU
		{ABFF00BA-7437-4C73-AE61-7C32D41C014B}.Debug|Any CPU.Build.0 = Debug|Any CPU
		{ABFF00BA-7437-4C73-AE61-7C32D41C014B}.Release|Any CPU.ActiveCfg = Release|Any CPU
		{ABFF00BA-7437-4C73-AE61-7C32D41C014B}.Release|Any CPU.Build.0 = Release|Any CPU
		{6E441276-9478-4FE0-A856-026839E772B0}.Debug|Any CPU.ActiveCfg = Debug|Any CPU
		{6E441276-9478-4FE0-A856-026839E772B0}.Debug|Any CPU.Build.0 = Debug|Any CPU
		{6E441276-9478-4FE0-A856-026839E772B0}.Release|Any CPU.ActiveCfg = Release|Any CPU
		{6E441276-9478-4FE0-A856-026839E772B0}.Release|Any CPU.Build.0 = Release|Any CPU
	EndGlobalSection
	GlobalSection(SolutionProperties) = preSolution
		HideSolutionNode = FALSE
	EndGlobalSection
EndGlobal
